// !$*UTF8*$!
{
	archiveVersion = 1;
	classes = {
	};
	objectVersion = 46;
	objects = {

/* Begin PBXBuildFile section */
		4A4D5AC81BACE0E80059ACFC /* AppDelegate.swift in Sources */ = {isa = PBXBuildFile; fileRef = 4A4D5AC71BACE0E80059ACFC /* AppDelegate.swift */; };
		4A4D5ACA1BACE0E80059ACFC /* GameScene.sks in Resources */ = {isa = PBXBuildFile; fileRef = 4A4D5AC91BACE0E80059ACFC /* GameScene.sks */; };
		4A4D5ACC1BACE0E80059ACFC /* GameScene.swift in Sources */ = {isa = PBXBuildFile; fileRef = 4A4D5ACB1BACE0E80059ACFC /* GameScene.swift */; };
		4A4D5ACE1BACE0E80059ACFC /* GameViewController.swift in Sources */ = {isa = PBXBuildFile; fileRef = 4A4D5ACD1BACE0E80059ACFC /* GameViewController.swift */; };
		4A4D5AD11BACE0E80059ACFC /* Main.storyboard in Resources */ = {isa = PBXBuildFile; fileRef = 4A4D5ACF1BACE0E80059ACFC /* Main.storyboard */; };
		4A4D5AD31BACE0E80059ACFC /* Assets.xcassets in Resources */ = {isa = PBXBuildFile; fileRef = 4A4D5AD21BACE0E80059ACFC /* Assets.xcassets */; };
		4A4D5AD61BACE0E80059ACFC /* LaunchScreen.storyboard in Resources */ = {isa = PBXBuildFile; fileRef = 4A4D5AD41BACE0E80059ACFC /* LaunchScreen.storyboard */; };
		4A4D5AE11BACE0E80059ACFC /* SpriteKitSimpleGameTests.swift in Sources */ = {isa = PBXBuildFile; fileRef = 4A4D5AE01BACE0E80059ACFC /* SpriteKitSimpleGameTests.swift */; };
		4A4D5AEC1BACE0E80059ACFC /* SpriteKitSimpleGameUITests.swift in Sources */ = {isa = PBXBuildFile; fileRef = 4A4D5AEB1BACE0E80059ACFC /* SpriteKitSimpleGameUITests.swift */; };
/* End PBXBuildFile section */

/* Begin PBXContainerItemProxy section */
		4A4D5ADD1BACE0E80059ACFC /* PBXContainerItemProxy */ = {
			isa = PBXContainerItemProxy;
			containerPortal = 4A4D5ABC1BACE0E80059ACFC /* Project object */;
			proxyType = 1;
			remoteGlobalIDString = 4A4D5AC31BACE0E80059ACFC;
			remoteInfo = SpriteKitSimpleGame;
		};
		4A4D5AE81BACE0E80059ACFC /* PBXContainerItemProxy */ = {
			isa = PBXContainerItemProxy;
			containerPortal = 4A4D5ABC1BACE0E80059ACFC /* Project object */;
			proxyType = 1;
			remoteGlobalIDString = 4A4D5AC31BACE0E80059ACFC;
			remoteInfo = SpriteKitSimpleGame;
		};
/* End PBXContainerItemProxy section */

/* Begin PBXFileReference section */
		4A4D5AC41BACE0E80059ACFC /* SpriteKitSimpleGame.app */ = {isa = PBXFileReference; explicitFileType = wrapper.application; includeInIndex = 0; path = SpriteKitSimpleGame.app; sourceTree = BUILT_PRODUCTS_DIR; };
		4A4D5AC71BACE0E80059ACFC /* AppDelegate.swift */ = {isa = PBXFileReference; lastKnownFileType = sourcecode.swift; path = AppDelegate.swift; sourceTree = "<group>"; };
		4A4D5AC91BACE0E80059ACFC /* GameScene.sks */ = {isa = PBXFileReference; lastKnownFileType = file.sks; path = GameScene.sks; sourceTree = "<group>"; };
		4A4D5ACB1BACE0E80059ACFC /* GameScene.swift */ = {isa = PBXFileReference; lastKnownFileType = sourcecode.swift; path = GameScene.swift; sourceTree = "<group>"; };
		4A4D5ACD1BACE0E80059ACFC /* GameViewController.swift */ = {isa = PBXFileReference; lastKnownFileType = sourcecode.swift; path = GameViewController.swift; sourceTree = "<group>"; };
		4A4D5AD01BACE0E80059ACFC /* Base */ = {isa = PBXFileReference; lastKnownFileType = file.storyboard; name = Base; path = Base.lproj/Main.storyboard; sourceTree = "<group>"; };
		4A4D5AD21BACE0E80059ACFC /* Assets.xcassets */ = {isa = PBXFileReference; lastKnownFileType = folder.assetcatalog; path = Assets.xcassets; sourceTree = "<group>"; };
		4A4D5AD51BACE0E80059ACFC /* Base */ = {isa = PBXFileReference; lastKnownFileType = file.storyboard; name = Base; path = Base.lproj/LaunchScreen.storyboard; sourceTree = "<group>"; };
		4A4D5AD71BACE0E80059ACFC /* Info.plist */ = {isa = PBXFileReference; lastKnownFileType = text.plist.xml; path = Info.plist; sourceTree = "<group>"; };
		4A4D5ADC1BACE0E80059ACFC /* SpriteKitSimpleGameTests.xctest */ = {isa = PBXFileReference; explicitFileType = wrapper.cfbundle; includeInIndex = 0; path = SpriteKitSimpleGameTests.xctest; sourceTree = BUILT_PRODUCTS_DIR; };
		4A4D5AE01BACE0E80059ACFC /* SpriteKitSimpleGameTests.swift */ = {isa = PBXFileReference; lastKnownFileType = sourcecode.swift; path = SpriteKitSimpleGameTests.swift; sourceTree = "<group>"; };
		4A4D5AE21BACE0E80059ACFC /* Info.plist */ = {isa = PBXFileReference; lastKnownFileType = text.plist.xml; path = Info.plist; sourceTree = "<group>"; };
		4A4D5AE71BACE0E80059ACFC /* SpriteKitSimpleGameUITests.xctest */ = {isa = PBXFileReference; explicitFileType = wrapper.cfbundle; includeInIndex = 0; path = SpriteKitSimpleGameUITests.xctest; sourceTree = BUILT_PRODUCTS_DIR; };
		4A4D5AEB1BACE0E80059ACFC /* SpriteKitSimpleGameUITests.swift */ = {isa = PBXFileReference; lastKnownFileType = sourcecode.swift; path = SpriteKitSimpleGameUITests.swift; sourceTree = "<group>"; };
		4A4D5AED1BACE0E80059ACFC /* Info.plist */ = {isa = PBXFileReference; lastKnownFileType = text.plist.xml; path = Info.plist; sourceTree = "<group>"; };
/* End PBXFileReference section */

/* Begin PBXFrameworksBuildPhase section */
		4A4D5AC11BACE0E80059ACFC /* Frameworks */ = {
			isa = PBXFrameworksBuildPhase;
			buildActionMask = 2147483647;
			files = (
			);
			runOnlyForDeploymentPostprocessing = 0;
		};
		4A4D5AD91BACE0E80059ACFC /* Frameworks */ = {
			isa = PBXFrameworksBuildPhase;
			buildActionMask = 2147483647;
			files = (
			);
			runOnlyForDeploymentPostprocessing = 0;
		};
		4A4D5AE41BACE0E80059ACFC /* Frameworks */ = {
			isa = PBXFrameworksBuildPhase;
			buildActionMask = 2147483647;
			files = (
			);
			runOnlyForDeploymentPostprocessing = 0;
		};
/* End PBXFrameworksBuildPhase section */

/* Begin PBXGroup section */
		4A4D5ABB1BACE0E80059ACFC = {
			isa = PBXGroup;
			children = (
				4A4D5AC61BACE0E80059ACFC /* SpriteKitSimpleGame */,
				4A4D5ADF1BACE0E80059ACFC /* SpriteKitSimpleGameTests */,
				4A4D5AEA1BACE0E80059ACFC /* SpriteKitSimpleGameUITests */,
				4A4D5AC51BACE0E80059ACFC /* Products */,
			);
			sourceTree = "<group>";
		};
		4A4D5AC51BACE0E80059ACFC /* Products */ = {
			isa = PBXGroup;
			children = (
				4A4D5AC41BACE0E80059ACFC /* SpriteKitSimpleGame.app */,
				4A4D5ADC1BACE0E80059ACFC /* SpriteKitSimpleGameTests.xctest */,
				4A4D5AE71BACE0E80059ACFC /* SpriteKitSimpleGameUITests.xctest */,
			);
			name = Products;
			sourceTree = "<group>";
		};
		4A4D5AC61BACE0E80059ACFC /* SpriteKitSimpleGame */ = {
			isa = PBXGroup;
			children = (
				4A4D5AC71BACE0E80059ACFC /* AppDelegate.swift */,
				4A4D5AC91BACE0E80059ACFC /* GameScene.sks */,
				4A4D5ACB1BACE0E80059ACFC /* GameScene.swift */,
				4A4D5ACD1BACE0E80059ACFC /* GameViewController.swift */,
				4A4D5ACF1BACE0E80059ACFC /* Main.storyboard */,
				4A4D5AD21BACE0E80059ACFC /* Assets.xcassets */,
				4A4D5AD41BACE0E80059ACFC /* LaunchScreen.storyboard */,
				4A4D5AD71BACE0E80059ACFC /* Info.plist */,
			);
			path = SpriteKitSimpleGame;
			sourceTree = "<group>";
		};
		4A4D5ADF1BACE0E80059ACFC /* SpriteKitSimpleGameTests */ = {
			isa = PBXGroup;
			children = (
				4A4D5AE01BACE0E80059ACFC /* SpriteKitSimpleGameTests.swift */,
				4A4D5AE21BACE0E80059ACFC /* Info.plist */,
			);
			path = SpriteKitSimpleGameTests;
			sourceTree = "<group>";
		};
		4A4D5AEA1BACE0E80059ACFC /* SpriteKitSimpleGameUITests */ = {
			isa = PBXGroup;
			children = (
				4A4D5AEB1BACE0E80059ACFC /* SpriteKitSimpleGameUITests.swift */,
				4A4D5AED1BACE0E80059ACFC /* Info.plist */,
			);
			path = SpriteKitSimpleGameUITests;
			sourceTree = "<group>";
		};
/* End PBXGroup section */

/* Begin PBXNativeTarget section */
		4A4D5AC31BACE0E80059ACFC /* SpriteKitSimpleGame */ = {
			isa = PBXNativeTarget;
			buildConfigurationList = 4A4D5AF01BACE0E80059ACFC /* Build configuration list for PBXNativeTarget "SpriteKitSimpleGame" */;
			buildPhases = (
				4A4D5AC01BACE0E80059ACFC /* Sources */,
				4A4D5AC11BACE0E80059ACFC /* Frameworks */,
				4A4D5AC21BACE0E80059ACFC /* Resources */,
			);
			buildRules = (
			);
			dependencies = (
			);
			name = SpriteKitSimpleGame;
			productName = SpriteKitSimpleGame;
			productReference = 4A4D5AC41BACE0E80059ACFC /* SpriteKitSimpleGame.app */;
			productType = "com.apple.product-type.application";
		};
		4A4D5ADB1BACE0E80059ACFC /* SpriteKitSimpleGameTests */ = {
			isa = PBXNativeTarget;
			buildConfigurationList = 4A4D5AF31BACE0E80059ACFC /* Build configuration list for PBXNativeTarget "SpriteKitSimpleGameTests" */;
			buildPhases = (
				4A4D5AD81BACE0E80059ACFC /* Sources */,
				4A4D5AD91BACE0E80059ACFC /* Frameworks */,
				4A4D5ADA1BACE0E80059ACFC /* Resources */,
			);
			buildRules = (
			);
			dependencies = (
				4A4D5ADE1BACE0E80059ACFC /* PBXTargetDependency */,
			);
			name = SpriteKitSimpleGameTests;
			productName = SpriteKitSimpleGameTests;
			productReference = 4A4D5ADC1BACE0E80059ACFC /* SpriteKitSimpleGameTests.xctest */;
			productType = "com.apple.product-type.bundle.unit-test";
		};
		4A4D5AE61BACE0E80059ACFC /* SpriteKitSimpleGameUITests */ = {
			isa = PBXNativeTarget;
			buildConfigurationList = 4A4D5AF61BACE0E80059ACFC /* Build configuration list for PBXNativeTarget "SpriteKitSimpleGameUITests" */;
			buildPhases = (
				4A4D5AE31BACE0E80059ACFC /* Sources */,
				4A4D5AE41BACE0E80059ACFC /* Frameworks */,
				4A4D5AE51BACE0E80059ACFC /* Resources */,
			);
			buildRules = (
			);
			dependencies = (
				4A4D5AE91BACE0E80059ACFC /* PBXTargetDependency */,
			);
			name = SpriteKitSimpleGameUITests;
			productName = SpriteKitSimpleGameUITests;
			productReference = 4A4D5AE71BACE0E80059ACFC /* SpriteKitSimpleGameUITests.xctest */;
			productType = "com.apple.product-type.bundle.ui-testing";
		};
/* End PBXNativeTarget section */

/* Begin PBXProject section */
		4A4D5ABC1BACE0E80059ACFC /* Project object */ = {
			isa = PBXProject;
			attributes = {
				LastUpgradeCheck = 0700;
				ORGANIZATIONNAME = cassol;
				TargetAttributes = {
					4A4D5AC31BACE0E80059ACFC = {
						CreatedOnToolsVersion = 7.0;
					};
					4A4D5ADB1BACE0E80059ACFC = {
						CreatedOnToolsVersion = 7.0;
						TestTargetID = 4A4D5AC31BACE0E80059ACFC;
					};
					4A4D5AE61BACE0E80059ACFC = {
						CreatedOnToolsVersion = 7.0;
						TestTargetID = 4A4D5AC31BACE0E80059ACFC;
					};
				};
			};
			buildConfigurationList = 4A4D5ABF1BACE0E80059ACFC /* Build configuration list for PBXProject "SpriteKitSimpleGame" */;
			compatibilityVersion = "Xcode 3.2";
			developmentRegion = English;
			hasScannedForEncodings = 0;
			knownRegions = (
				en,
				Base,
			);
			mainGroup = 4A4D5ABB1BACE0E80059ACFC;
			productRefGroup = 4A4D5AC51BACE0E80059ACFC /* Products */;
			projectDirPath = "";
			projectRoot = "";
			targets = (
				4A4D5AC31BACE0E80059ACFC /* SpriteKitSimpleGame */,
				4A4D5ADB1BACE0E80059ACFC /* SpriteKitSimpleGameTests */,
				4A4D5AE61BACE0E80059ACFC /* SpriteKitSimpleGameUITests */,
			);
		};
/* End PBXProject section */

/* Begin PBXResourcesBuildPhase section */
		4A4D5AC21BACE0E80059ACFC /* Resources */ = {
			isa = PBXResourcesBuildPhase;
			buildActionMask = 2147483647;
			files = (
				4A4D5ACA1BACE0E80059ACFC /* GameScene.sks in Resources */,
				4A4D5AD61BACE0E80059ACFC /* LaunchScreen.storyboard in Resources */,
				4A4D5AD31BACE0E80059ACFC /* Assets.xcassets in Resources */,
				4A4D5AD11BACE0E80059ACFC /* Main.storyboard in Resources */,
			);
			runOnlyForDeploymentPostprocessing = 0;
		};
		4A4D5ADA1BACE0E80059ACFC /* Resources */ = {
			isa = PBXResourcesBuildPhase;
			buildActionMask = 2147483647;
			files = (
			);
			runOnlyForDeploymentPostprocessing = 0;
		};
		4A4D5AE51BACE0E80059ACFC /* Resources */ = {
			isa = PBXResourcesBuildPhase;
			buildActionMask = 2147483647;
			files = (
			);
			runOnlyForDeploymentPostprocessing = 0;
		};
/* End PBXResourcesBuildPhase section */

/* Begin PBXSourcesBuildPhase section */
		4A4D5AC01BACE0E80059ACFC /* Sources */ = {
			isa = PBXSourcesBuildPhase;
			buildActionMask = 2147483647;
			files = (
				4A4D5ACC1BACE0E80059ACFC /* GameScene.swift in Sources */,
				4A4D5ACE1BACE0E80059ACFC /* GameViewController.swift in Sources */,
				4A4D5AC81BACE0E80059ACFC /* AppDelegate.swift in Sources */,
			);
			runOnlyForDeploymentPostprocessing = 0;
		};
		4A4D5AD81BACE0E80059ACFC /* Sources */ = {
			isa = PBXSourcesBuildPhase;
			buildActionMask = 2147483647;
			files = (
				4A4D5AE11BACE0E80059ACFC /* SpriteKitSimpleGameTests.swift in Sources */,
			);
			runOnlyForDeploymentPostprocessing = 0;
		};
		4A4D5AE31BACE0E80059ACFC /* Sources */ = {
			isa = PBXSourcesBuildPhase;
			buildActionMask = 2147483647;
			files = (
				4A4D5AEC1BACE0E80059ACFC /* SpriteKitSimpleGameUITests.swift in Sources */,
			);
			runOnlyForDeploymentPostprocessing = 0;
		};
/* End PBXSourcesBuildPhase section */

/* Begin PBXTargetDependency section */
		4A4D5ADE1BACE0E80059ACFC /* PBXTargetDependency */ = {
			isa = PBXTargetDependency;
			target = 4A4D5AC31BACE0E80059ACFC /* SpriteKitSimpleGame */;
			targetProxy = 4A4D5ADD1BACE0E80059ACFC /* PBXContainerItemProxy */;
		};
		4A4D5AE91BACE0E80059ACFC /* PBXTargetDependency */ = {
			isa = PBXTargetDependency;
			target = 4A4D5AC31BACE0E80059ACFC /* SpriteKitSimpleGame */;
			targetProxy = 4A4D5AE81BACE0E80059ACFC /* PBXContainerItemProxy */;
		};
/* End PBXTargetDependency section */

/* Begin PBXVariantGroup section */
		4A4D5ACF1BACE0E80059ACFC /* Main.storyboard */ = {
			isa = PBXVariantGroup;
			children = (
				4A4D5AD01BACE0E80059ACFC /* Base */,
			);
			name = Main.storyboard;
			sourceTree = "<group>";
		};
		4A4D5AD41BACE0E80059ACFC /* LaunchScreen.storyboard */ = {
			isa = PBXVariantGroup;
			children = (
				4A4D5AD51BACE0E80059ACFC /* Base */,
			);
			name = LaunchScreen.storyboard;
			sourceTree = "<group>";
		};
/* End PBXVariantGroup section */

/* Begin XCBuildConfiguration section */
		4A4D5AEE1BACE0E80059ACFC /* Debug */ = {
			isa = XCBuildConfiguration;
			buildSettings = {
				ALWAYS_SEARCH_USER_PATHS = NO;
				CLANG_CXX_LANGUAGE_STANDARD = "gnu++0x";
				CLANG_CXX_LIBRARY = "libc++";
				CLANG_ENABLE_MODULES = YES;
				CLANG_ENABLE_OBJC_ARC = YES;
				CLANG_WARN_BOOL_CONVERSION = YES;
				CLANG_WARN_CONSTANT_CONVERSION = YES;
				CLANG_WARN_DIRECT_OBJC_ISA_USAGE = YES_ERROR;
				CLANG_WARN_EMPTY_BODY = YES;
				CLANG_WARN_ENUM_CONVERSION = YES;
				CLANG_WARN_INT_CONVERSION = YES;
				CLANG_WARN_OBJC_ROOT_CLASS = YES_ERROR;
				CLANG_WARN_UNREACHABLE_CODE = YES;
				CLANG_WARN__DUPLICATE_METHOD_MATCH = YES;
				"CODE_SIGN_IDENTITY[sdk=iphoneos*]" = "iPhone Developer";
				COPY_PHASE_STRIP = NO;
				DEBUG_INFORMATION_FORMAT = "dwarf-with-dsym";
				ENABLE_STRICT_OBJC_MSGSEND = YES;
				ENABLE_TESTABILITY = YES;
				GCC_C_LANGUAGE_STANDARD = gnu99;
				GCC_DYNAMIC_NO_PIC = NO;
				GCC_NO_COMMON_BLOCKS = YES;
				GCC_OPTIMIZATION_LEVEL = 0;
				GCC_PREPROCESSOR_DEFINITIONS = (
					"DEBUG=1",
					"$(inherited)",
				);
				GCC_WARN_64_TO_32_BIT_CONVERSION = YES;
				GCC_WARN_ABOUT_RETURN_TYPE = YES_ERROR;
				GCC_WARN_UNDECLARED_SELECTOR = YES;
				GCC_WARN_UNINITIALIZED_AUTOS = YES_AGGRESSIVE;
				GCC_WARN_UNUSED_FUNCTION = YES;
				GCC_WARN_UNUSED_VARIABLE = YES;
				IPHONEOS_DEPLOYMENT_TARGET = 9.0;
				MTL_ENABLE_DEBUG_INFO = YES;
				ONLY_ACTIVE_ARCH = YES;
				SDKROOT = iphoneos;
				SWIFT_OPTIMIZATION_LEVEL = "-Onone";
			};
			name = Debug;
		};
		4A4D5AEF1BACE0E80059ACFC /* Release */ = {
			isa = XCBuildConfiguration;
			buildSettings = {
				ALWAYS_SEARCH_USER_PATHS = NO;
				CLANG_CXX_LANGUAGE_STANDARD = "gnu++0x";
				CLANG_CXX_LIBRARY = "libc++";
				CLANG_ENABLE_MODULES = YES;
				CLANG_ENABLE_OBJC_ARC = YES;
				CLANG_WARN_BOOL_CONVERSION = YES;
				CLANG_WARN_CONSTANT_CONVERSION = YES;
				CLANG_WARN_DIRECT_OBJC_ISA_USAGE = YES_ERROR;
				CLANG_WARN_EMPTY_BODY = YES;
				CLANG_WARN_ENUM_CONVERSION = YES;
				CLANG_WARN_INT_CONVERSION = YES;
				CLANG_WARN_OBJC_ROOT_CLASS = YES_ERROR;
				CLANG_WARN_UNREACHABLE_CODE = YES;
				CLANG_WARN__DUPLICATE_METHOD_MATCH = YES;
				"CODE_SIGN_IDENTITY[sdk=iphoneos*]" = "iPhone Developer";
				COPY_PHASE_STRIP = NO;
				DEBUG_INFORMATION_FORMAT = "dwarf-with-dsym";
				ENABLE_NS_ASSERTIONS = NO;
				ENABLE_STRICT_OBJC_MSGSEND = YES;
				GCC_C_LANGUAGE_STANDARD = gnu99;
				GCC_NO_COMMON_BLOCKS = YES;
				GCC_WARN_64_TO_32_BIT_CONVERSION = YES;
				GCC_WARN_ABOUT_RETURN_TYPE = YES_ERROR;
				GCC_WARN_UNDECLARED_SELECTOR = YES;
				GCC_WARN_UNINITIALIZED_AUTOS = YES_AGGRESSIVE;
				GCC_WARN_UNUSED_FUNCTION = YES;
				GCC_WARN_UNUSED_VARIABLE = YES;
				IPHONEOS_DEPLOYMENT_TARGET = 9.0;
				MTL_ENABLE_DEBUG_INFO = NO;
				SDKROOT = iphoneos;
				VALIDATE_PRODUCT = YES;
			};
			name = Release;
		};
		4A4D5AF11BACE0E80059ACFC /* Debug */ = {
			isa = XCBuildConfiguration;
			buildSettings = {
				ASSETCATALOG_COMPILER_APPICON_NAME = AppIcon;
				INFOPLIST_FILE = SpriteKitSimpleGame/Info.plist;
				LD_RUNPATH_SEARCH_PATHS = "$(inherited) @executable_path/Frameworks";
				PRODUCT_BUNDLE_IDENTIFIER = com.cassol.SpriteKitSimpleGame;
				PRODUCT_NAME = "$(TARGET_NAME)";
			};
			name = Debug;
		};
		4A4D5AF21BACE0E80059ACFC /* Release */ = {
			isa = XCBuildConfiguration;
			buildSettings = {
				ASSETCATALOG_COMPILER_APPICON_NAME = AppIcon;
				INFOPLIST_FILE = SpriteKitSimpleGame/Info.plist;
				LD_RUNPATH_SEARCH_PATHS = "$(inherited) @executable_path/Frameworks";
				PRODUCT_BUNDLE_IDENTIFIER = com.cassol.SpriteKitSimpleGame;
				PRODUCT_NAME = "$(TARGET_NAME)";
			};
			name = Release;
		};
		4A4D5AF41BACE0E80059ACFC /* Debug */ = {
			isa = XCBuildConfiguration;
			buildSettings = {
				BUNDLE_LOADER = "$(TEST_HOST)";
				DEBUG_INFORMATION_FORMAT = dwarf;
				INFOPLIST_FILE = SpriteKitSimpleGameTests/Info.plist;
				LD_RUNPATH_SEARCH_PATHS = "$(inherited) @executable_path/Frameworks @loader_path/Frameworks";
				PRODUCT_BUNDLE_IDENTIFIER = com.cassol.SpriteKitSimpleGameTests;
				PRODUCT_NAME = "$(TARGET_NAME)";
				TEST_HOST = "$(BUILT_PRODUCTS_DIR)/SpriteKitSimpleGame.app/SpriteKitSimpleGame";
			};
			name = Debug;
		};
		4A4D5AF51BACE0E80059ACFC /* Release */ = {
			isa = XCBuildConfiguration;
			buildSettings = {
				BUNDLE_LOADER = "$(TEST_HOST)";
				INFOPLIST_FILE = SpriteKitSimpleGameTests/Info.plist;
				LD_RUNPATH_SEARCH_PATHS = "$(inherited) @executable_path/Frameworks @loader_path/Frameworks";
				PRODUCT_BUNDLE_IDENTIFIER = com.cassol.SpriteKitSimpleGameTests;
				PRODUCT_NAME = "$(TARGET_NAME)";
				TEST_HOST = "$(BUILT_PRODUCTS_DIR)/SpriteKitSimpleGame.app/SpriteKitSimpleGame";
			};
			name = Release;
		};
		4A4D5AF71BACE0E80059ACFC /* Debug */ = {
			isa = XCBuildConfiguration;
			buildSettings = {
				DEBUG_INFORMATION_FORMAT = dwarf;
				INFOPLIST_FILE = SpriteKitSimpleGameUITests/Info.plist;
				LD_RUNPATH_SEARCH_PATHS = "$(inherited) @executable_path/Frameworks @loader_path/Frameworks";
				PRODUCT_BUNDLE_IDENTIFIER = com.cassol.SpriteKitSimpleGameUITests;
				PRODUCT_NAME = "$(TARGET_NAME)";
				TEST_TARGET_NAME = SpriteKitSimpleGame;
				USES_XCTRUNNER = YES;
			};
			name = Debug;
		};
		4A4D5AF81BACE0E80059ACFC /* Release */ = {
			isa = XCBuildConfiguration;
			buildSettings = {
				INFOPLIST_FILE = SpriteKitSimpleGameUITests/Info.plist;
				LD_RUNPATH_SEARCH_PATHS = "$(inherited) @executable_path/Frameworks @loader_path/Frameworks";
				PRODUCT_BUNDLE_IDENTIFIER = com.cassol.SpriteKitSimpleGameUITests;
				PRODUCT_NAME = "$(TARGET_NAME)";
				TEST_TARGET_NAME = SpriteKitSimpleGame;
				USES_XCTRUNNER = YES;
			};
			name = Release;
		};
/* End XCBuildConfiguration section */

/* Begin XCConfigurationList section */
		4A4D5ABF1BACE0E80059ACFC /* Build configuration list for PBXProject "SpriteKitSimpleGame" */ = {
			isa = XCConfigurationList;
			buildConfigurations = (
				4A4D5AEE1BACE0E80059ACFC /* Debug */,
				4A4D5AEF1BACE0E80059ACFC /* Release */,
			);
			defaultConfigurationIsVisible = 0;
			defaultConfigurationName = Release;
		};
		4A4D5AF01BACE0E80059ACFC /* Build configuration list for PBXNativeTarget "SpriteKitSimpleGame" */ = {
			isa = XCConfigurationList;
			buildConfigurations = (
				4A4D5AF11BACE0E80059ACFC /* Debug */,
				4A4D5AF21BACE0E80059ACFC /* Release */,
			);
			defaultConfigurationIsVisible = 0;
		};
		4A4D5AF31BACE0E80059ACFC /* Build configuration list for PBXNativeTarget "SpriteKitSimpleGameTests" */ = {
			isa = XCConfigurationList;
			buildConfigurations = (
				4A4D5AF41BACE0E80059ACFC /* Debug */,
				4A4D5AF51BACE0E80059ACFC /* Release */,
			);
			defaultConfigurationIsVisible = 0;
		};
		4A4D5AF61BACE0E80059ACFC /* Build configuration list for PBXNativeTarget "SpriteKitSimpleGameUITests" */ = {
			isa = XCConfigurationList;
			buildConfigurations = (
				4A4D5AF71BACE0E80059ACFC /* Debug */,
				4A4D5AF81BACE0E80059ACFC /* Release */,
			);
			defaultConfigurationIsVisible = 0;
		};
/* End XCConfigurationList section */
	};
	rootObject = 4A4D5ABC1BACE0E80059ACFC /* Project object */;
}
